
Microsoft Visual Studio Solution File, Format Version 12.00
# Visual Studio Version 16
VisualStudioVersion = 16.0.29215.179
MinimumVisualStudioVersion = 10.0.40219.1
Project("{FAE04EC0-301F-11D3-BF4B-00C04F79EFBC}") = "Dashbosrd", "ServiceFile\Dashbosrd.csproj", "{16A46849-18C4-4454-B5D7-B56836681167}"
EndProject
Global
	GlobalSection(SolutionConfigurationPlatforms) = preSolution
		Debug|Any CPU = Debug|Any CPU
		Release|Any CPU = Release|Any CPU
	EndGlobalSection
	GlobalSection(ProjectConfigurationPlatforms) = postSolution
		{16A46849-18C4-4454-B5D7-B56836681167}.Debug|Any CPU.ActiveCfg = Debug|Any CPU
		{16A46849-18C4-4454-B5D7-B56836681167}.Debug|Any CPU.Build.0 = Debug|Any CPU
		{16A46849-18C4-4454-B5D7-B56836681167}.Release|Any CPU.ActiveCfg = Release|Any CPU
		{16A46849-18C4-4454-B5D7-B56836681167}.Release|Any CPU.Build.0 = Release|Any CPU
	EndGlobalSection
	GlobalSection(SolutionProperties) = preSolution
		HideSolutionNode = FALSE
	EndGlobalSection
	GlobalSection(ExtensibilityGlobals) = postSolution
		SolutionGuid = {F7C39B47-F3BC-4665-B764-CD95485BD2DC}
	EndGlobalSection
EndGlobal
